{
  "name": "frontend",
  "lockfileVersion": 3,
  "requires": true,
  "packages": {
    "": {
      "dependencies": {
        "diabetes-diet-planner-frontend": "file:.."
      }
    },
    "..": {
      "name": "diabetes-diet-planner-frontend",
      "version": "1.0.0",
      "dependencies": {
        "@heroicons/react": "^2.0.18",
        "autoprefixer": "^10.4.15",
        "axios": "^1.5.0",
        "framer-motion": "^10.16.4",
        "jspdf": "^2.5.1",
        "postcss": "^8.4.29",
        "react": "^18.2.0",
        "react-dom": "^18.2.0",
        "react-router-dom": "^7.9.5",
        "react-scripts": "5.0.1",
        "recharts": "^2.8.0",
        "tailwindcss": "^3.3.3"
      }
    },
    "node_modules/diabetes-diet-planner-frontend": {
      "resolved": "..",
      "link": true
    }
  }
}
